// !$*UTF8*$!
{
	archiveVersion = 1;
	classes = {
	};
	objectVersion = 46;
	objects = {

/* Begin PBXBuildFile section */
		3A0FACCC1BEC23D4004A9DB9 /* LandingPageViewController.swift in Sources */ = {isa = PBXBuildFile; fileRef = 3A0FACCB1BEC23D4004A9DB9 /* LandingPageViewController.swift */; };
		3A0FAD0E1BEFB213004A9DB9 /* PhilTestStoryboard.storyboard in Resources */ = {isa = PBXBuildFile; fileRef = 3A0FAD0D1BEFB213004A9DB9 /* PhilTestStoryboard.storyboard */; };
		3A0FAD101BEFB2D0004A9DB9 /* FriendsViewController.swift in Sources */ = {isa = PBXBuildFile; fileRef = 3A0FAD0F1BEFB2D0004A9DB9 /* FriendsViewController.swift */; };
		3A0FAD121BEFB326004A9DB9 /* FriendTableViewCell.swift in Sources */ = {isa = PBXBuildFile; fileRef = 3A0FAD111BEFB326004A9DB9 /* FriendTableViewCell.swift */; };
		3A0FAD141BF0082F004A9DB9 /* FriendButtonDelegate.swift in Sources */ = {isa = PBXBuildFile; fileRef = 3A0FAD131BF0082F004A9DB9 /* FriendButtonDelegate.swift */; };
		3A0FAD161BF00A01004A9DB9 /* PTUtility.swift in Sources */ = {isa = PBXBuildFile; fileRef = 3A0FAD151BF00A01004A9DB9 /* PTUtility.swift */; };
		3A0FAD181BF1246A004A9DB9 /* FriendListDelegate.swift in Sources */ = {isa = PBXBuildFile; fileRef = 3A0FAD171BF1246A004A9DB9 /* FriendListDelegate.swift */; };
		3A1F8FE81BEA5F98008E9671 /* NotificationsViewController.swift in Sources */ = {isa = PBXBuildFile; fileRef = 3A1F8FE71BEA5F98008E9671 /* NotificationsViewController.swift */; };
		3A1F8FEA1BEA63EC008E9671 /* DeleteStoryDelegate.swift in Sources */ = {isa = PBXBuildFile; fileRef = 3A1F8FE91BEA63EC008E9671 /* DeleteStoryDelegate.swift */; };
		3A1F8FEC1BEAC03F008E9671 /* LibraryCollectionViewCell.swift in Sources */ = {isa = PBXBuildFile; fileRef = 3A1F8FEB1BEAC03F008E9671 /* LibraryCollectionViewCell.swift */; };
		3A1F8FF01BEB1398008E9671 /* CreateStoryViewController.swift in Sources */ = {isa = PBXBuildFile; fileRef = 3A1F8FEF1BEB1398008E9671 /* CreateStoryViewController.swift */; };
		3ADE58B41BE9BA36003D6D74 /* NewStoryProtocol.swift in Sources */ = {isa = PBXBuildFile; fileRef = 3ADE58B31BE9BA36003D6D74 /* NewStoryProtocol.swift */; };
		3ADE58B61BE9BAE5003D6D74 /* TestCode.swift in Sources */ = {isa = PBXBuildFile; fileRef = 3ADE58B51BE9BAE5003D6D74 /* TestCode.swift */; };
		3ADE58B81BE9CF22003D6D74 /* NewPageDelegate.swift in Sources */ = {isa = PBXBuildFile; fileRef = 3ADE58B71BE9CF22003D6D74 /* NewPageDelegate.swift */; };
		3AF245541BE7DACA00832B30 /* Bolts.framework in Frameworks */ = {isa = PBXBuildFile; fileRef = 3AF2454D1BE7DACA00832B30 /* Bolts.framework */; };
		3AF245551BE7DACA00832B30 /* Parse.framework in Frameworks */ = {isa = PBXBuildFile; fileRef = 3AF2454E1BE7DACA00832B30 /* Parse.framework */; };
		3AF245561BE7DACA00832B30 /* ParseCrashReporting.framework in Frameworks */ = {isa = PBXBuildFile; fileRef = 3AF2454F1BE7DACA00832B30 /* ParseCrashReporting.framework */; };
		3AF245581BE7DACA00832B30 /* ParseFacebookUtilsV4.framework in Frameworks */ = {isa = PBXBuildFile; fileRef = 3AF245511BE7DACA00832B30 /* ParseFacebookUtilsV4.framework */; };
		3AF245591BE7DACA00832B30 /* ParseTwitterUtils.framework in Frameworks */ = {isa = PBXBuildFile; fileRef = 3AF245521BE7DACA00832B30 /* ParseTwitterUtils.framework */; };
		3AF2455A1BE7DACA00832B30 /* ParseUI.framework in Frameworks */ = {isa = PBXBuildFile; fileRef = 3AF245531BE7DACA00832B30 /* ParseUI.framework */; };
		3AF2455C1BE7DAE900832B30 /* AudioToolbox.framework in Frameworks */ = {isa = PBXBuildFile; fileRef = 3AF2455B1BE7DAE900832B30 /* AudioToolbox.framework */; };
		3AF2455E1BE7DAEE00832B30 /* CFNetwork.framework in Frameworks */ = {isa = PBXBuildFile; fileRef = 3AF2455D1BE7DAEE00832B30 /* CFNetwork.framework */; };
		3AF245601BE7DAF300832B30 /* CoreGraphics.framework in Frameworks */ = {isa = PBXBuildFile; fileRef = 3AF2455F1BE7DAF300832B30 /* CoreGraphics.framework */; };
		3AF245621BE7DAF800832B30 /* CoreLocation.framework in Frameworks */ = {isa = PBXBuildFile; fileRef = 3AF245611BE7DAF800832B30 /* CoreLocation.framework */; };
		3AF245641BE7DAFD00832B30 /* QuartzCore.framework in Frameworks */ = {isa = PBXBuildFile; fileRef = 3AF245631BE7DAFD00832B30 /* QuartzCore.framework */; };
		3AF245661BE7DB0200832B30 /* Security.framework in Frameworks */ = {isa = PBXBuildFile; fileRef = 3AF245651BE7DB0200832B30 /* Security.framework */; };
		3AF245681BE7DB1300832B30 /* StoreKit.framework in Frameworks */ = {isa = PBXBuildFile; fileRef = 3AF245671BE7DB1300832B30 /* StoreKit.framework */; };
		3AF2456A1BE7DB1900832B30 /* SystemConfiguration.framework in Frameworks */ = {isa = PBXBuildFile; fileRef = 3AF245691BE7DB1900832B30 /* SystemConfiguration.framework */; };
		3AF2456C1BE7DB2000832B30 /* libz.tbd in Frameworks */ = {isa = PBXBuildFile; fileRef = 3AF2456B1BE7DB2000832B30 /* libz.tbd */; };
		3AF2456E1BE7DB5100832B30 /* libsqlite3.tbd in Frameworks */ = {isa = PBXBuildFile; fileRef = 3AF2456D1BE7DB5100832B30 /* libsqlite3.tbd */; };
		3AF245701BE7DB5700832B30 /* Accounts.framework in Frameworks */ = {isa = PBXBuildFile; fileRef = 3AF2456F1BE7DB5700832B30 /* Accounts.framework */; };
		3AF245721BE7DB5C00832B30 /* Social.framework in Frameworks */ = {isa = PBXBuildFile; fileRef = 3AF245711BE7DB5C00832B30 /* Social.framework */; };
		3AF245741BE7DCF300832B30 /* Story.swift in Sources */ = {isa = PBXBuildFile; fileRef = 3AF245731BE7DCF300832B30 /* Story.swift */; };
		3AF245761BE7DEAC00832B30 /* Page.swift in Sources */ = {isa = PBXBuildFile; fileRef = 3AF245751BE7DEAC00832B30 /* Page.swift */; };
		3AF245781BE7DFC900832B30 /* User.swift in Sources */ = {isa = PBXBuildFile; fileRef = 3AF245771BE7DFC900832B30 /* User.swift */; };
		3AF2457A1BE7E09B00832B30 /* Activity.swift in Sources */ = {isa = PBXBuildFile; fileRef = 3AF245791BE7E09B00832B30 /* Activity.swift */; };
		3AF2457C1BE7E0FB00832B30 /* PTConstants.swift in Sources */ = {isa = PBXBuildFile; fileRef = 3AF2457B1BE7E0FB00832B30 /* PTConstants.swift */; };
		3AF2457F1BE8824600832B30 /* libstdc++.6.0.9.tbd in Frameworks */ = {isa = PBXBuildFile; fileRef = 3AF2457E1BE8824600832B30 /* libstdc++.6.0.9.tbd */; };
		3AF245811BE8827A00832B30 /* libsqlite3.0.tbd in Frameworks */ = {isa = PBXBuildFile; fileRef = 3AF245801BE8827A00832B30 /* libsqlite3.0.tbd */; };
		6550549E1BF03BAD00793AB2 /* FBSDKShareKit.framework in Frameworks */ = {isa = PBXBuildFile; fileRef = 6550549D1BF03BAD00793AB2 /* FBSDKShareKit.framework */; };
		E0E2505A1BE7C3D900E51659 /* AppDelegate.swift in Sources */ = {isa = PBXBuildFile; fileRef = E0E250591BE7C3D900E51659 /* AppDelegate.swift */; };
		E0E2505F1BE7C3D900E51659 /* Main.storyboard in Resources */ = {isa = PBXBuildFile; fileRef = E0E2505D1BE7C3D900E51659 /* Main.storyboard */; };
		E0E250611BE7C3D900E51659 /* Assets.xcassets in Resources */ = {isa = PBXBuildFile; fileRef = E0E250601BE7C3D900E51659 /* Assets.xcassets */; };
		E0E250641BE7C3D900E51659 /* LaunchScreen.storyboard in Resources */ = {isa = PBXBuildFile; fileRef = E0E250621BE7C3D900E51659 /* LaunchScreen.storyboard */; };
		E0E250701BE7CAC500E51659 /* MyStoriesViewController.swift in Sources */ = {isa = PBXBuildFile; fileRef = E0E2506F1BE7CAC500E51659 /* MyStoriesViewController.swift */; };
		E0E250721BE7CAE900E51659 /* AddStoryViewController.swift in Sources */ = {isa = PBXBuildFile; fileRef = E0E250711BE7CAE900E51659 /* AddStoryViewController.swift */; };
		E0E250741BE7DE4900E51659 /* ExploreViewController.swift in Sources */ = {isa = PBXBuildFile; fileRef = E0E250731BE7DE4900E51659 /* ExploreViewController.swift */; };
		E0E250761BE7F37E00E51659 /* StoryDetailViewController.swift in Sources */ = {isa = PBXBuildFile; fileRef = E0E250751BE7F37E00E51659 /* StoryDetailViewController.swift */; };
		E0E250781BE7F48100E51659 /* AddPageViewController.swift in Sources */ = {isa = PBXBuildFile; fileRef = E0E250771BE7F48100E51659 /* AddPageViewController.swift */; };
		E0E2507A1BE7F5A100E51659 /* LibraryViewController.swift in Sources */ = {isa = PBXBuildFile; fileRef = E0E250791BE7F5A100E51659 /* LibraryViewController.swift */; };
		E0E2507C1BE804AC00E51659 /* ActivityViewController.swift in Sources */ = {isa = PBXBuildFile; fileRef = E0E2507B1BE804AC00E51659 /* ActivityViewController.swift */; };
		E0E2507E1BE80CE100E51659 /* StorySettingsViewController.swift in Sources */ = {isa = PBXBuildFile; fileRef = E0E2507D1BE80CE100E51659 /* StorySettingsViewController.swift */; };
		E0E250801BE8177200E51659 /* FBSDKCoreKit.framework in Frameworks */ = {isa = PBXBuildFile; fileRef = E0E2507F1BE8177200E51659 /* FBSDKCoreKit.framework */; };
		E0E250821BE81BF500E51659 /* FBSDKLoginKit.framework in Frameworks */ = {isa = PBXBuildFile; fileRef = E0E250811BE81BF500E51659 /* FBSDKLoginKit.framework */; };
		E0E250881BE8279D00E51659 /* LoginViewController.swift in Sources */ = {isa = PBXBuildFile; fileRef = E0E250871BE8279D00E51659 /* LoginViewController.swift */; };
		E0E2508A1BE827E400E51659 /* SignUpViewController.swift in Sources */ = {isa = PBXBuildFile; fileRef = E0E250891BE827E400E51659 /* SignUpViewController.swift */; };
		E0E2508C1BE8281200E51659 /* ResetPasswordViewController.swift in Sources */ = {isa = PBXBuildFile; fileRef = E0E2508B1BE8281200E51659 /* ResetPasswordViewController.swift */; };
		E0E250921BE9674B00E51659 /* MyStoriesHeader.swift in Sources */ = {isa = PBXBuildFile; fileRef = E0E250911BE9674B00E51659 /* MyStoriesHeader.swift */; };
		E0E250941BE9678C00E51659 /* MyStoriesCell.swift in Sources */ = {isa = PBXBuildFile; fileRef = E0E250931BE9678C00E51659 /* MyStoriesCell.swift */; };
		E0E250961BEC4F4D00E51659 /* HomeViewController.swift in Sources */ = {isa = PBXBuildFile; fileRef = E0E250951BEC4F4D00E51659 /* HomeViewController.swift */; };
		E0E250981BED1B0300E51659 /* ComposeViewController.swift in Sources */ = {isa = PBXBuildFile; fileRef = E0E250971BED1B0300E51659 /* ComposeViewController.swift */; };
		E0E2509A1BED1E9F00E51659 /* SendToViewController.swift in Sources */ = {isa = PBXBuildFile; fileRef = E0E250991BED1E9F00E51659 /* SendToViewController.swift */; };
		E0E2509C1BED352300E51659 /* DecrementNotificationsCountDelegate.swift in Sources */ = {isa = PBXBuildFile; fileRef = E0E2509B1BED352300E51659 /* DecrementNotificationsCountDelegate.swift */; };
		E0E250A01BED4DDA00E51659 /* UserStatisticsViewController.swift in Sources */ = {isa = PBXBuildFile; fileRef = E0E2509F1BED4DDA00E51659 /* UserStatisticsViewController.swift */; };
		E0E250A21BED578B00E51659 /* UserStatisticsTableViewCell.swift in Sources */ = {isa = PBXBuildFile; fileRef = E0E250A11BED578B00E51659 /* UserStatisticsTableViewCell.swift */; };
		E0E250A41BEEC23300E51659 /* CategoriesViewController.swift in Sources */ = {isa = PBXBuildFile; fileRef = E0E250A31BEEC23300E51659 /* CategoriesViewController.swift */; };
		E0E250A61BEEC3CA00E51659 /* ListOfStoriesViewController.swift in Sources */ = {isa = PBXBuildFile; fileRef = E0E250A51BEEC3CA00E51659 /* ListOfStoriesViewController.swift */; };
		E0E250A81BEEC45B00E51659 /* ReadStoryViewController.swift in Sources */ = {isa = PBXBuildFile; fileRef = E0E250A71BEEC45B00E51659 /* ReadStoryViewController.swift */; };
		E0E250AA1BF0309800E51659 /* ListOfStoriesTableViewCell.swift in Sources */ = {isa = PBXBuildFile; fileRef = E0E250A91BF0309800E51659 /* ListOfStoriesTableViewCell.swift */; };
		E0E250AC1BF05E6E00E51659 /* CustomImage.swift in Sources */ = {isa = PBXBuildFile; fileRef = E0E250AB1BF05E6E00E51659 /* CustomImage.swift */; };
		E0E250AE1BF1081700E51659 /* CategoriesCollectionViewCell.swift in Sources */ = {isa = PBXBuildFile; fileRef = E0E250AD1BF1081700E51659 /* CategoriesCollectionViewCell.swift */; };
/* End PBXBuildFile section */

/* Begin PBXFileReference section */
		3A0FACCB1BEC23D4004A9DB9 /* LandingPageViewController.swift */ = {isa = PBXFileReference; fileEncoding = 4; lastKnownFileType = sourcecode.swift; path = LandingPageViewController.swift; sourceTree = "<group>"; };
		3A0FAD0D1BEFB213004A9DB9 /* PhilTestStoryboard.storyboard */ = {isa = PBXFileReference; fileEncoding = 4; lastKnownFileType = file.storyboard; path = PhilTestStoryboard.storyboard; sourceTree = "<group>"; };
		3A0FAD0F1BEFB2D0004A9DB9 /* FriendsViewController.swift */ = {isa = PBXFileReference; fileEncoding = 4; lastKnownFileType = sourcecode.swift; path = FriendsViewController.swift; sourceTree = "<group>"; };
		3A0FAD111BEFB326004A9DB9 /* FriendTableViewCell.swift */ = {isa = PBXFileReference; fileEncoding = 4; lastKnownFileType = sourcecode.swift; path = FriendTableViewCell.swift; sourceTree = "<group>"; };
		3A0FAD131BF0082F004A9DB9 /* FriendButtonDelegate.swift */ = {isa = PBXFileReference; fileEncoding = 4; lastKnownFileType = sourcecode.swift; path = FriendButtonDelegate.swift; sourceTree = "<group>"; };
		3A0FAD151BF00A01004A9DB9 /* PTUtility.swift */ = {isa = PBXFileReference; fileEncoding = 4; lastKnownFileType = sourcecode.swift; path = PTUtility.swift; sourceTree = "<group>"; };
		3A0FAD171BF1246A004A9DB9 /* FriendListDelegate.swift */ = {isa = PBXFileReference; fileEncoding = 4; lastKnownFileType = sourcecode.swift; path = FriendListDelegate.swift; sourceTree = "<group>"; };
		3A1F8FE71BEA5F98008E9671 /* NotificationsViewController.swift */ = {isa = PBXFileReference; fileEncoding = 4; lastKnownFileType = sourcecode.swift; path = NotificationsViewController.swift; sourceTree = "<group>"; };
		3A1F8FE91BEA63EC008E9671 /* DeleteStoryDelegate.swift */ = {isa = PBXFileReference; fileEncoding = 4; lastKnownFileType = sourcecode.swift; path = DeleteStoryDelegate.swift; sourceTree = "<group>"; };
		3A1F8FEB1BEAC03F008E9671 /* LibraryCollectionViewCell.swift */ = {isa = PBXFileReference; fileEncoding = 4; lastKnownFileType = sourcecode.swift; path = LibraryCollectionViewCell.swift; sourceTree = "<group>"; };
		3A1F8FEF1BEB1398008E9671 /* CreateStoryViewController.swift */ = {isa = PBXFileReference; fileEncoding = 4; lastKnownFileType = sourcecode.swift; path = CreateStoryViewController.swift; sourceTree = "<group>"; };
		3ADE58B31BE9BA36003D6D74 /* NewStoryProtocol.swift */ = {isa = PBXFileReference; fileEncoding = 4; lastKnownFileType = sourcecode.swift; path = NewStoryProtocol.swift; sourceTree = "<group>"; };
		3ADE58B51BE9BAE5003D6D74 /* TestCode.swift */ = {isa = PBXFileReference; fileEncoding = 4; lastKnownFileType = sourcecode.swift; path = TestCode.swift; sourceTree = "<group>"; };
		3ADE58B71BE9CF22003D6D74 /* NewPageDelegate.swift */ = {isa = PBXFileReference; fileEncoding = 4; lastKnownFileType = sourcecode.swift; path = NewPageDelegate.swift; sourceTree = "<group>"; };
		3AF2454D1BE7DACA00832B30 /* Bolts.framework */ = {isa = PBXFileReference; lastKnownFileType = wrapper.framework; path = Bolts.framework; sourceTree = "<group>"; };
		3AF2454E1BE7DACA00832B30 /* Parse.framework */ = {isa = PBXFileReference; lastKnownFileType = wrapper.framework; path = Parse.framework; sourceTree = "<group>"; };
		3AF2454F1BE7DACA00832B30 /* ParseCrashReporting.framework */ = {isa = PBXFileReference; lastKnownFileType = wrapper.framework; path = ParseCrashReporting.framework; sourceTree = "<group>"; };
		3AF245511BE7DACA00832B30 /* ParseFacebookUtilsV4.framework */ = {isa = PBXFileReference; lastKnownFileType = wrapper.framework; path = ParseFacebookUtilsV4.framework; sourceTree = "<group>"; };
		3AF245521BE7DACA00832B30 /* ParseTwitterUtils.framework */ = {isa = PBXFileReference; lastKnownFileType = wrapper.framework; path = ParseTwitterUtils.framework; sourceTree = "<group>"; };
		3AF245531BE7DACA00832B30 /* ParseUI.framework */ = {isa = PBXFileReference; lastKnownFileType = wrapper.framework; path = ParseUI.framework; sourceTree = "<group>"; };
		3AF2455B1BE7DAE900832B30 /* AudioToolbox.framework */ = {isa = PBXFileReference; lastKnownFileType = wrapper.framework; name = AudioToolbox.framework; path = System/Library/Frameworks/AudioToolbox.framework; sourceTree = SDKROOT; };
		3AF2455D1BE7DAEE00832B30 /* CFNetwork.framework */ = {isa = PBXFileReference; lastKnownFileType = wrapper.framework; name = CFNetwork.framework; path = System/Library/Frameworks/CFNetwork.framework; sourceTree = SDKROOT; };
		3AF2455F1BE7DAF300832B30 /* CoreGraphics.framework */ = {isa = PBXFileReference; lastKnownFileType = wrapper.framework; name = CoreGraphics.framework; path = System/Library/Frameworks/CoreGraphics.framework; sourceTree = SDKROOT; };
		3AF245611BE7DAF800832B30 /* CoreLocation.framework */ = {isa = PBXFileReference; lastKnownFileType = wrapper.framework; name = CoreLocation.framework; path = System/Library/Frameworks/CoreLocation.framework; sourceTree = SDKROOT; };
		3AF245631BE7DAFD00832B30 /* QuartzCore.framework */ = {isa = PBXFileReference; lastKnownFileType = wrapper.framework; name = QuartzCore.framework; path = System/Library/Frameworks/QuartzCore.framework; sourceTree = SDKROOT; };
		3AF245651BE7DB0200832B30 /* Security.framework */ = {isa = PBXFileReference; lastKnownFileType = wrapper.framework; name = Security.framework; path = System/Library/Frameworks/Security.framework; sourceTree = SDKROOT; };
		3AF245671BE7DB1300832B30 /* StoreKit.framework */ = {isa = PBXFileReference; lastKnownFileType = wrapper.framework; name = StoreKit.framework; path = System/Library/Frameworks/StoreKit.framework; sourceTree = SDKROOT; };
		3AF245691BE7DB1900832B30 /* SystemConfiguration.framework */ = {isa = PBXFileReference; lastKnownFileType = wrapper.framework; name = SystemConfiguration.framework; path = System/Library/Frameworks/SystemConfiguration.framework; sourceTree = SDKROOT; };
		3AF2456B1BE7DB2000832B30 /* libz.tbd */ = {isa = PBXFileReference; lastKnownFileType = "sourcecode.text-based-dylib-definition"; name = libz.tbd; path = usr/lib/libz.tbd; sourceTree = SDKROOT; };
		3AF2456D1BE7DB5100832B30 /* libsqlite3.tbd */ = {isa = PBXFileReference; lastKnownFileType = "sourcecode.text-based-dylib-definition"; name = libsqlite3.tbd; path = usr/lib/libsqlite3.tbd; sourceTree = SDKROOT; };
		3AF2456F1BE7DB5700832B30 /* Accounts.framework */ = {isa = PBXFileReference; lastKnownFileType = wrapper.framework; name = Accounts.framework; path = System/Library/Frameworks/Accounts.framework; sourceTree = SDKROOT; };
		3AF245711BE7DB5C00832B30 /* Social.framework */ = {isa = PBXFileReference; lastKnownFileType = wrapper.framework; name = Social.framework; path = System/Library/Frameworks/Social.framework; sourceTree = SDKROOT; };
		3AF245731BE7DCF300832B30 /* Story.swift */ = {isa = PBXFileReference; fileEncoding = 4; lastKnownFileType = sourcecode.swift; path = Story.swift; sourceTree = "<group>"; };
		3AF245751BE7DEAC00832B30 /* Page.swift */ = {isa = PBXFileReference; fileEncoding = 4; lastKnownFileType = sourcecode.swift; path = Page.swift; sourceTree = "<group>"; };
		3AF245771BE7DFC900832B30 /* User.swift */ = {isa = PBXFileReference; fileEncoding = 4; lastKnownFileType = sourcecode.swift; path = User.swift; sourceTree = "<group>"; };
		3AF245791BE7E09B00832B30 /* Activity.swift */ = {isa = PBXFileReference; fileEncoding = 4; lastKnownFileType = sourcecode.swift; path = Activity.swift; sourceTree = "<group>"; };
		3AF2457B1BE7E0FB00832B30 /* PTConstants.swift */ = {isa = PBXFileReference; fileEncoding = 4; lastKnownFileType = sourcecode.swift; path = PTConstants.swift; sourceTree = "<group>"; };
		3AF2457E1BE8824600832B30 /* libstdc++.6.0.9.tbd */ = {isa = PBXFileReference; lastKnownFileType = "sourcecode.text-based-dylib-definition"; name = "libstdc++.6.0.9.tbd"; path = "usr/lib/libstdc++.6.0.9.tbd"; sourceTree = SDKROOT; };
		3AF245801BE8827A00832B30 /* libsqlite3.0.tbd */ = {isa = PBXFileReference; lastKnownFileType = "sourcecode.text-based-dylib-definition"; name = libsqlite3.0.tbd; path = usr/lib/libsqlite3.0.tbd; sourceTree = SDKROOT; };
		3AF245841BE9317E00832B30 /* PlotTwist-Bridging-Header.h */ = {isa = PBXFileReference; lastKnownFileType = sourcecode.c.h; path = "PlotTwist-Bridging-Header.h"; sourceTree = "<group>"; };
		6550549D1BF03BAD00793AB2 /* FBSDKShareKit.framework */ = {isa = PBXFileReference; lastKnownFileType = wrapper.framework; name = FBSDKShareKit.framework; path = "../../../../Documents/FacebookSDKs-iOS-20151026/FBSDKShareKit.framework"; sourceTree = "<group>"; };
		E0E250561BE7C3D900E51659 /* PlotTwist.app */ = {isa = PBXFileReference; explicitFileType = wrapper.application; includeInIndex = 0; path = PlotTwist.app; sourceTree = BUILT_PRODUCTS_DIR; };
		E0E250591BE7C3D900E51659 /* AppDelegate.swift */ = {isa = PBXFileReference; lastKnownFileType = sourcecode.swift; path = AppDelegate.swift; sourceTree = "<group>"; };
		E0E2505E1BE7C3D900E51659 /* Base */ = {isa = PBXFileReference; lastKnownFileType = file.storyboard; name = Base; path = Base.lproj/Main.storyboard; sourceTree = "<group>"; };
		E0E250601BE7C3D900E51659 /* Assets.xcassets */ = {isa = PBXFileReference; lastKnownFileType = folder.assetcatalog; path = Assets.xcassets; sourceTree = "<group>"; };
		E0E250631BE7C3D900E51659 /* Base */ = {isa = PBXFileReference; lastKnownFileType = file.storyboard; name = Base; path = Base.lproj/LaunchScreen.storyboard; sourceTree = "<group>"; };
		E0E250651BE7C3D900E51659 /* Info.plist */ = {isa = PBXFileReference; lastKnownFileType = text.plist.xml; path = Info.plist; sourceTree = "<group>"; };
		E0E2506F1BE7CAC500E51659 /* MyStoriesViewController.swift */ = {isa = PBXFileReference; fileEncoding = 4; lastKnownFileType = sourcecode.swift; path = MyStoriesViewController.swift; sourceTree = "<group>"; };
		E0E250711BE7CAE900E51659 /* AddStoryViewController.swift */ = {isa = PBXFileReference; fileEncoding = 4; lastKnownFileType = sourcecode.swift; path = AddStoryViewController.swift; sourceTree = "<group>"; };
		E0E250731BE7DE4900E51659 /* ExploreViewController.swift */ = {isa = PBXFileReference; fileEncoding = 4; lastKnownFileType = sourcecode.swift; path = ExploreViewController.swift; sourceTree = "<group>"; };
		E0E250751BE7F37E00E51659 /* StoryDetailViewController.swift */ = {isa = PBXFileReference; fileEncoding = 4; lastKnownFileType = sourcecode.swift; path = StoryDetailViewController.swift; sourceTree = "<group>"; };
		E0E250771BE7F48100E51659 /* AddPageViewController.swift */ = {isa = PBXFileReference; fileEncoding = 4; lastKnownFileType = sourcecode.swift; path = AddPageViewController.swift; sourceTree = "<group>"; };
		E0E250791BE7F5A100E51659 /* LibraryViewController.swift */ = {isa = PBXFileReference; fileEncoding = 4; lastKnownFileType = sourcecode.swift; path = LibraryViewController.swift; sourceTree = "<group>"; };
		E0E2507B1BE804AC00E51659 /* ActivityViewController.swift */ = {isa = PBXFileReference; fileEncoding = 4; lastKnownFileType = sourcecode.swift; path = ActivityViewController.swift; sourceTree = "<group>"; };
		E0E2507D1BE80CE100E51659 /* StorySettingsViewController.swift */ = {isa = PBXFileReference; fileEncoding = 4; lastKnownFileType = sourcecode.swift; path = StorySettingsViewController.swift; sourceTree = "<group>"; };
		E0E2507F1BE8177200E51659 /* FBSDKCoreKit.framework */ = {isa = PBXFileReference; lastKnownFileType = wrapper.framework; path = FBSDKCoreKit.framework; sourceTree = "<group>"; };
		E0E250811BE81BF500E51659 /* FBSDKLoginKit.framework */ = {isa = PBXFileReference; lastKnownFileType = wrapper.framework; path = FBSDKLoginKit.framework; sourceTree = "<group>"; };
		E0E250871BE8279D00E51659 /* LoginViewController.swift */ = {isa = PBXFileReference; fileEncoding = 4; lastKnownFileType = sourcecode.swift; path = LoginViewController.swift; sourceTree = "<group>"; };
		E0E250891BE827E400E51659 /* SignUpViewController.swift */ = {isa = PBXFileReference; fileEncoding = 4; lastKnownFileType = sourcecode.swift; path = SignUpViewController.swift; sourceTree = "<group>"; };
		E0E2508B1BE8281200E51659 /* ResetPasswordViewController.swift */ = {isa = PBXFileReference; fileEncoding = 4; lastKnownFileType = sourcecode.swift; path = ResetPasswordViewController.swift; sourceTree = "<group>"; };
		E0E250911BE9674B00E51659 /* MyStoriesHeader.swift */ = {isa = PBXFileReference; fileEncoding = 4; lastKnownFileType = sourcecode.swift; path = MyStoriesHeader.swift; sourceTree = "<group>"; };
		E0E250931BE9678C00E51659 /* MyStoriesCell.swift */ = {isa = PBXFileReference; fileEncoding = 4; lastKnownFileType = sourcecode.swift; path = MyStoriesCell.swift; sourceTree = "<group>"; };
		E0E250951BEC4F4D00E51659 /* HomeViewController.swift */ = {isa = PBXFileReference; fileEncoding = 4; lastKnownFileType = sourcecode.swift; path = HomeViewController.swift; sourceTree = "<group>"; };
		E0E250971BED1B0300E51659 /* ComposeViewController.swift */ = {isa = PBXFileReference; fileEncoding = 4; lastKnownFileType = sourcecode.swift; path = ComposeViewController.swift; sourceTree = "<group>"; };
		E0E250991BED1E9F00E51659 /* SendToViewController.swift */ = {isa = PBXFileReference; fileEncoding = 4; lastKnownFileType = sourcecode.swift; path = SendToViewController.swift; sourceTree = "<group>"; };
		E0E2509B1BED352300E51659 /* DecrementNotificationsCountDelegate.swift */ = {isa = PBXFileReference; fileEncoding = 4; lastKnownFileType = sourcecode.swift; path = DecrementNotificationsCountDelegate.swift; sourceTree = "<group>"; };
		E0E2509F1BED4DDA00E51659 /* UserStatisticsViewController.swift */ = {isa = PBXFileReference; fileEncoding = 4; lastKnownFileType = sourcecode.swift; path = UserStatisticsViewController.swift; sourceTree = "<group>"; };
		E0E250A11BED578B00E51659 /* UserStatisticsTableViewCell.swift */ = {isa = PBXFileReference; fileEncoding = 4; lastKnownFileType = sourcecode.swift; path = UserStatisticsTableViewCell.swift; sourceTree = "<group>"; };
		E0E250A31BEEC23300E51659 /* CategoriesViewController.swift */ = {isa = PBXFileReference; fileEncoding = 4; lastKnownFileType = sourcecode.swift; path = CategoriesViewController.swift; sourceTree = "<group>"; };
		E0E250A51BEEC3CA00E51659 /* ListOfStoriesViewController.swift */ = {isa = PBXFileReference; fileEncoding = 4; lastKnownFileType = sourcecode.swift; path = ListOfStoriesViewController.swift; sourceTree = "<group>"; };
		E0E250A71BEEC45B00E51659 /* ReadStoryViewController.swift */ = {isa = PBXFileReference; fileEncoding = 4; lastKnownFileType = sourcecode.swift; path = ReadStoryViewController.swift; sourceTree = "<group>"; };
		E0E250A91BF0309800E51659 /* ListOfStoriesTableViewCell.swift */ = {isa = PBXFileReference; fileEncoding = 4; lastKnownFileType = sourcecode.swift; path = ListOfStoriesTableViewCell.swift; sourceTree = "<group>"; };
		E0E250AB1BF05E6E00E51659 /* CustomImage.swift */ = {isa = PBXFileReference; fileEncoding = 4; lastKnownFileType = sourcecode.swift; path = CustomImage.swift; sourceTree = "<group>"; };
		E0E250AD1BF1081700E51659 /* CategoriesCollectionViewCell.swift */ = {isa = PBXFileReference; fileEncoding = 4; lastKnownFileType = sourcecode.swift; path = CategoriesCollectionViewCell.swift; sourceTree = "<group>"; };
/* End PBXFileReference section */

/* Begin PBXFrameworksBuildPhase section */
		E0E250531BE7C3D900E51659 /* Frameworks */ = {
			isa = PBXFrameworksBuildPhase;
			buildActionMask = 2147483647;
			files = (
				6550549E1BF03BAD00793AB2 /* FBSDKShareKit.framework in Frameworks */,
				3AF245811BE8827A00832B30 /* libsqlite3.0.tbd in Frameworks */,
				3AF2457F1BE8824600832B30 /* libstdc++.6.0.9.tbd in Frameworks */,
				3AF245721BE7DB5C00832B30 /* Social.framework in Frameworks */,
				3AF245701BE7DB5700832B30 /* Accounts.framework in Frameworks */,
				3AF2456E1BE7DB5100832B30 /* libsqlite3.tbd in Frameworks */,
				3AF2456C1BE7DB2000832B30 /* libz.tbd in Frameworks */,
				3AF2456A1BE7DB1900832B30 /* SystemConfiguration.framework in Frameworks */,
				E0E250801BE8177200E51659 /* FBSDKCoreKit.framework in Frameworks */,
				3AF245681BE7DB1300832B30 /* StoreKit.framework in Frameworks */,
				3AF245661BE7DB0200832B30 /* Security.framework in Frameworks */,
				3AF245641BE7DAFD00832B30 /* QuartzCore.framework in Frameworks */,
				3AF245621BE7DAF800832B30 /* CoreLocation.framework in Frameworks */,
				3AF245601BE7DAF300832B30 /* CoreGraphics.framework in Frameworks */,
				E0E250821BE81BF500E51659 /* FBSDKLoginKit.framework in Frameworks */,
				3AF2455E1BE7DAEE00832B30 /* CFNetwork.framework in Frameworks */,
				3AF2455C1BE7DAE900832B30 /* AudioToolbox.framework in Frameworks */,
				3AF245551BE7DACA00832B30 /* Parse.framework in Frameworks */,
				3AF245561BE7DACA00832B30 /* ParseCrashReporting.framework in Frameworks */,
				3AF2455A1BE7DACA00832B30 /* ParseUI.framework in Frameworks */,
				3AF245541BE7DACA00832B30 /* Bolts.framework in Frameworks */,
				3AF245591BE7DACA00832B30 /* ParseTwitterUtils.framework in Frameworks */,
				3AF245581BE7DACA00832B30 /* ParseFacebookUtilsV4.framework in Frameworks */,
			);
			runOnlyForDeploymentPostprocessing = 0;
		};
/* End PBXFrameworksBuildPhase section */

/* Begin PBXGroup section */
		3A1F8FF11BEB4956008E9671 /* Unused Controllers */ = {
			isa = PBXGroup;
			children = (
				3A0FACCB1BEC23D4004A9DB9 /* LandingPageViewController.swift */,
				E0E2507B1BE804AC00E51659 /* ActivityViewController.swift */,
				E0E250771BE7F48100E51659 /* AddPageViewController.swift */,
				E0E2507D1BE80CE100E51659 /* StorySettingsViewController.swift */,
				3A1F8FE71BEA5F98008E9671 /* NotificationsViewController.swift */,
			);
			name = "Unused Controllers";
			sourceTree = "<group>";
		};
		3AF2454C1BE7DA9D00832B30 /* Frameworks */ = {
			isa = PBXGroup;
			children = (
				3AF245801BE8827A00832B30 /* libsqlite3.0.tbd */,
				3AF2457E1BE8824600832B30 /* libstdc++.6.0.9.tbd */,
				E0E250811BE81BF500E51659 /* FBSDKLoginKit.framework */,
				E0E2507F1BE8177200E51659 /* FBSDKCoreKit.framework */,
				3AF245711BE7DB5C00832B30 /* Social.framework */,
				3AF2456F1BE7DB5700832B30 /* Accounts.framework */,
				3AF2456D1BE7DB5100832B30 /* libsqlite3.tbd */,
				3AF2456B1BE7DB2000832B30 /* libz.tbd */,
				6550549D1BF03BAD00793AB2 /* FBSDKShareKit.framework */,
				3AF245691BE7DB1900832B30 /* SystemConfiguration.framework */,
				3AF245671BE7DB1300832B30 /* StoreKit.framework */,
				3AF245651BE7DB0200832B30 /* Security.framework */,
				3AF245631BE7DAFD00832B30 /* QuartzCore.framework */,
				3AF245611BE7DAF800832B30 /* CoreLocation.framework */,
				3AF2455F1BE7DAF300832B30 /* CoreGraphics.framework */,
				3AF2455D1BE7DAEE00832B30 /* CFNetwork.framework */,
				3AF2455B1BE7DAE900832B30 /* AudioToolbox.framework */,
				3AF2454D1BE7DACA00832B30 /* Bolts.framework */,
				3AF2454E1BE7DACA00832B30 /* Parse.framework */,
				3AF2454F1BE7DACA00832B30 /* ParseCrashReporting.framework */,
				3AF245511BE7DACA00832B30 /* ParseFacebookUtilsV4.framework */,
				3AF245521BE7DACA00832B30 /* ParseTwitterUtils.framework */,
				3AF245531BE7DACA00832B30 /* ParseUI.framework */,
			);
			name = Frameworks;
			sourceTree = "<group>";
		};
		E0E2504D1BE7C3D900E51659 = {
			isa = PBXGroup;
			children = (
				E0E250581BE7C3D900E51659 /* PlotTwist */,
				E0E250571BE7C3D900E51659 /* Products */,
			);
			sourceTree = "<group>";
		};
		E0E250571BE7C3D900E51659 /* Products */ = {
			isa = PBXGroup;
			children = (
				E0E250561BE7C3D900E51659 /* PlotTwist.app */,
			);
			name = Products;
			sourceTree = "<group>";
		};
		E0E250581BE7C3D900E51659 /* PlotTwist */ = {
			isa = PBXGroup;
			children = (
				E0E2506C1BE7CA1A00E51659 /* Model */,
				E0E2506B1BE7C9FD00E51659 /* Controllers */,
				3A1F8FF11BEB4956008E9671 /* Unused Controllers */,
				E0E2506D1BE7CA4C00E51659 /* View */,
				E0E2506E1BE7CA7E00E51659 /* Supporting Files */,
				E0E250651BE7C3D900E51659 /* Info.plist */,
				3AF2454C1BE7DA9D00832B30 /* Frameworks */,
			);
			path = PlotTwist;
			sourceTree = "<group>";
		};
		E0E2506B1BE7C9FD00E51659 /* Controllers */ = {
			isa = PBXGroup;
			children = (
				E0E250A11BED578B00E51659 /* UserStatisticsTableViewCell.swift */,
				E0E2509F1BED4DDA00E51659 /* UserStatisticsViewController.swift */,
				E0E250951BEC4F4D00E51659 /* HomeViewController.swift */,
				E0E250971BED1B0300E51659 /* ComposeViewController.swift */,
				E0E250991BED1E9F00E51659 /* SendToViewController.swift */,
				E0E250A31BEEC23300E51659 /* CategoriesViewController.swift */,
				E0E250AD1BF1081700E51659 /* CategoriesCollectionViewCell.swift */,
				E0E250A51BEEC3CA00E51659 /* ListOfStoriesViewController.swift */,
				E0E250A91BF0309800E51659 /* ListOfStoriesTableViewCell.swift */,
				E0E250A71BEEC45B00E51659 /* ReadStoryViewController.swift */,
				E0E2506F1BE7CAC500E51659 /* MyStoriesViewController.swift */,
				3A1F8FEF1BEB1398008E9671 /* CreateStoryViewController.swift */,
				E0E250711BE7CAE900E51659 /* AddStoryViewController.swift */,
				E0E250731BE7DE4900E51659 /* ExploreViewController.swift */,
				E0E250751BE7F37E00E51659 /* StoryDetailViewController.swift */,
				E0E250791BE7F5A100E51659 /* LibraryViewController.swift */,
				3A1F8FEB1BEAC03F008E9671 /* LibraryCollectionViewCell.swift */,
				E0E250871BE8279D00E51659 /* LoginViewController.swift */,
				E0E250891BE827E400E51659 /* SignUpViewController.swift */,
				E0E2508B1BE8281200E51659 /* ResetPasswordViewController.swift */,
				3A0FAD0F1BEFB2D0004A9DB9 /* FriendsViewController.swift */,
				3A0FAD111BEFB326004A9DB9 /* FriendTableViewCell.swift */,
			);
			name = Controllers;
			sourceTree = "<group>";
		};
		E0E2506C1BE7CA1A00E51659 /* Model */ = {
			isa = PBXGroup;
			children = (
				3AF245731BE7DCF300832B30 /* Story.swift */,
				3AF245751BE7DEAC00832B30 /* Page.swift */,
				3AF245791BE7E09B00832B30 /* Activity.swift */,
				3AF245771BE7DFC900832B30 /* User.swift */,
			);
			name = Model;
			sourceTree = "<group>";
		};
		E0E2506D1BE7CA4C00E51659 /* View */ = {
			isa = PBXGroup;
			children = (
				E0E250AB1BF05E6E00E51659 /* CustomImage.swift */,
				E0E250911BE9674B00E51659 /* MyStoriesHeader.swift */,
				E0E250931BE9678C00E51659 /* MyStoriesCell.swift */,
				E0E2505D1BE7C3D900E51659 /* Main.storyboard */,
				3A0FAD0D1BEFB213004A9DB9 /* PhilTestStoryboard.storyboard */,
				E0E250601BE7C3D900E51659 /* Assets.xcassets */,
				E0E250621BE7C3D900E51659 /* LaunchScreen.storyboard */,
			);
			name = View;
			sourceTree = "<group>";
		};
		E0E2506E1BE7CA7E00E51659 /* Supporting Files */ = {
			isa = PBXGroup;
			children = (
				E0E2509B1BED352300E51659 /* DecrementNotificationsCountDelegate.swift */,
				3ADE58B31BE9BA36003D6D74 /* NewStoryProtocol.swift */,
				3ADE58B71BE9CF22003D6D74 /* NewPageDelegate.swift */,
				3A1F8FE91BEA63EC008E9671 /* DeleteStoryDelegate.swift */,
				3A0FAD131BF0082F004A9DB9 /* FriendButtonDelegate.swift */,
				3A0FAD171BF1246A004A9DB9 /* FriendListDelegate.swift */,
				3ADE58B51BE9BAE5003D6D74 /* TestCode.swift */,
				3AF2457B1BE7E0FB00832B30 /* PTConstants.swift */,
				3A0FAD151BF00A01004A9DB9 /* PTUtility.swift */,
				E0E250591BE7C3D900E51659 /* AppDelegate.swift */,
				3AF245841BE9317E00832B30 /* PlotTwist-Bridging-Header.h */,
			);
			name = "Supporting Files";
			sourceTree = "<group>";
		};
/* End PBXGroup section */

/* Begin PBXNativeTarget section */
		E0E250551BE7C3D900E51659 /* PlotTwist */ = {
			isa = PBXNativeTarget;
			buildConfigurationList = E0E250681BE7C3D900E51659 /* Build configuration list for PBXNativeTarget "PlotTwist" */;
			buildPhases = (
				E0E250521BE7C3D900E51659 /* Sources */,
				E0E250531BE7C3D900E51659 /* Frameworks */,
				E0E250541BE7C3D900E51659 /* Resources */,
				3AF2457D1BE8813800832B30 /* ShellScript */,
				3AF245821BE8ACAB00832B30 /* ShellScript */,
			);
			buildRules = (
			);
			dependencies = (
			);
			name = PlotTwist;
			productName = PlotTwist;
			productReference = E0E250561BE7C3D900E51659 /* PlotTwist.app */;
			productType = "com.apple.product-type.application";
		};
/* End PBXNativeTarget section */

/* Begin PBXProject section */
		E0E2504E1BE7C3D900E51659 /* Project object */ = {
			isa = PBXProject;
			attributes = {
				LastSwiftUpdateCheck = 0710;
				LastUpgradeCheck = 0710;
				ORGANIZATIONNAME = abearablecode;
				TargetAttributes = {
					E0E250551BE7C3D900E51659 = {
						CreatedOnToolsVersion = 7.1;
						DevelopmentTeam = G8M9P5X24R;
					};
				};
			};
			buildConfigurationList = E0E250511BE7C3D900E51659 /* Build configuration list for PBXProject "PlotTwist" */;
			compatibilityVersion = "Xcode 3.2";
			developmentRegion = English;
			hasScannedForEncodings = 0;
			knownRegions = (
				en,
				Base,
			);
			mainGroup = E0E2504D1BE7C3D900E51659;
			productRefGroup = E0E250571BE7C3D900E51659 /* Products */;
			projectDirPath = "";
			projectRoot = "";
			targets = (
				E0E250551BE7C3D900E51659 /* PlotTwist */,
			);
		};
/* End PBXProject section */

/* Begin PBXResourcesBuildPhase section */
		E0E250541BE7C3D900E51659 /* Resources */ = {
			isa = PBXResourcesBuildPhase;
			buildActionMask = 2147483647;
			files = (
				E0E250641BE7C3D900E51659 /* LaunchScreen.storyboard in Resources */,
				E0E250611BE7C3D900E51659 /* Assets.xcassets in Resources */,
				3A0FAD0E1BEFB213004A9DB9 /* PhilTestStoryboard.storyboard in Resources */,
				E0E2505F1BE7C3D900E51659 /* Main.storyboard in Resources */,
			);
			runOnlyForDeploymentPostprocessing = 0;
		};
/* End PBXResourcesBuildPhase section */

/* Begin PBXShellScriptBuildPhase section */
		3AF2457D1BE8813800832B30 /* ShellScript */ = {
			isa = PBXShellScriptBuildPhase;
			buildActionMask = 2147483647;
			files = (
			);
			inputPaths = (
			);
			outputPaths = (
			);
			runOnlyForDeploymentPostprocessing = 0;
			shellPath = /bin/sh;
			shellScript = "echo \"Parse Crash Reporting\"\nexport PATH=/usr/local/bin:$PATH\nCLOUD_CODE_DIR=${PROJECT_DIR}/cloudcode\n\nif [ -d ${CLOUD_CODE_DIR} ]; then\ncd ${CLOUD_CODE_DIR}\nparse symbols PlotTwist --path=\"${DWARF_DSYM_FOLDER_PATH}/${DWARF_DSYM_FILE_NAME}\"\necho \"Finished uploading symbol\"\nelse\necho \"Unable to upload symbols\"\nfi";
		};
		3AF245821BE8ACAB00832B30 /* ShellScript */ = {
			isa = PBXShellScriptBuildPhase;
			buildActionMask = 2147483647;
			files = (
			);
			inputPaths = (
			);
			outputPaths = (
			);
			runOnlyForDeploymentPostprocessing = 0;
			shellPath = /bin/sh;
			shellScript = "TAGS=\"WARNING:\"\necho \"searching ${SRCROOT} for ${TAGS}\"\nfind \"${SRCROOT}\" \\( -name \"*.swift\" \\) -print0 | xargs -0 egrep --with-filename --line-number --only-matching \"($TAGS).*\\$\" | perl -p -e \"s/($TAGS)/ warning: \\$1/\"";
		};
/* End PBXShellScriptBuildPhase section */

/* Begin PBXSourcesBuildPhase section */
		E0E250521BE7C3D900E51659 /* Sources */ = {
			isa = PBXSourcesBuildPhase;
			buildActionMask = 2147483647;
			files = (
				E0E250981BED1B0300E51659 /* ComposeViewController.swift in Sources */,
				E0E250921BE9674B00E51659 /* MyStoriesHeader.swift in Sources */,
				3ADE58B61BE9BAE5003D6D74 /* TestCode.swift in Sources */,
				3A1F8FF01BEB1398008E9671 /* CreateStoryViewController.swift in Sources */,
				E0E250741BE7DE4900E51659 /* ExploreViewController.swift in Sources */,
				3A0FAD141BF0082F004A9DB9 /* FriendButtonDelegate.swift in Sources */,
				3A0FACCC1BEC23D4004A9DB9 /* LandingPageViewController.swift in Sources */,
				E0E250AE1BF1081700E51659 /* CategoriesCollectionViewCell.swift in Sources */,
				3ADE58B41BE9BA36003D6D74 /* NewStoryProtocol.swift in Sources */,
				E0E250A21BED578B00E51659 /* UserStatisticsTableViewCell.swift in Sources */,
				E0E2507E1BE80CE100E51659 /* StorySettingsViewController.swift in Sources */,
				3A0FAD161BF00A01004A9DB9 /* PTUtility.swift in Sources */,
				E0E2508C1BE8281200E51659 /* ResetPasswordViewController.swift in Sources */,
				E0E2509A1BED1E9F00E51659 /* SendToViewController.swift in Sources */,
				E0E250A61BEEC3CA00E51659 /* ListOfStoriesViewController.swift in Sources */,
				E0E250761BE7F37E00E51659 /* StoryDetailViewController.swift in Sources */,
				E0E250881BE8279D00E51659 /* LoginViewController.swift in Sources */,
				E0E250721BE7CAE900E51659 /* AddStoryViewController.swift in Sources */,
				E0E2509C1BED352300E51659 /* DecrementNotificationsCountDelegate.swift in Sources */,
				E0E2505A1BE7C3D900E51659 /* AppDelegate.swift in Sources */,
				3A0FAD121BEFB326004A9DB9 /* FriendTableViewCell.swift in Sources */,
				3A0FAD181BF1246A004A9DB9 /* FriendListDelegate.swift in Sources */,
				3A1F8FEC1BEAC03F008E9671 /* LibraryCollectionViewCell.swift in Sources */,
				3AF2457A1BE7E09B00832B30 /* Activity.swift in Sources */,
				3A1F8FEA1BEA63EC008E9671 /* DeleteStoryDelegate.swift in Sources */,
				3AF245781BE7DFC900832B30 /* User.swift in Sources */,
				3A0FAD101BEFB2D0004A9DB9 /* FriendsViewController.swift in Sources */,
				E0E250701BE7CAC500E51659 /* MyStoriesViewController.swift in Sources */,
				3AF2457C1BE7E0FB00832B30 /* PTConstants.swift in Sources */,
				E0E250A41BEEC23300E51659 /* CategoriesViewController.swift in Sources */,
				E0E2508A1BE827E400E51659 /* SignUpViewController.swift in Sources */,
				E0E250AC1BF05E6E00E51659 /* CustomImage.swift in Sources */,
				E0E250961BEC4F4D00E51659 /* HomeViewController.swift in Sources */,
				E0E2507C1BE804AC00E51659 /* ActivityViewController.swift in Sources */,
				3ADE58B81BE9CF22003D6D74 /* NewPageDelegate.swift in Sources */,
				3A1F8FE81BEA5F98008E9671 /* NotificationsViewController.swift in Sources */,
				3AF245741BE7DCF300832B30 /* Story.swift in Sources */,
				E0E250941BE9678C00E51659 /* MyStoriesCell.swift in Sources */,
				3AF245761BE7DEAC00832B30 /* Page.swift in Sources */,
				E0E250A81BEEC45B00E51659 /* ReadStoryViewController.swift in Sources */,
				E0E2507A1BE7F5A100E51659 /* LibraryViewController.swift in Sources */,
				E0E250A01BED4DDA00E51659 /* UserStatisticsViewController.swift in Sources */,
				E0E250781BE7F48100E51659 /* AddPageViewController.swift in Sources */,
				E0E250AA1BF0309800E51659 /* ListOfStoriesTableViewCell.swift in Sources */,
			);
			runOnlyForDeploymentPostprocessing = 0;
		};
/* End PBXSourcesBuildPhase section */

/* Begin PBXVariantGroup section */
		E0E2505D1BE7C3D900E51659 /* Main.storyboard */ = {
			isa = PBXVariantGroup;
			children = (
				E0E2505E1BE7C3D900E51659 /* Base */,
			);
			name = Main.storyboard;
			sourceTree = "<group>";
		};
		E0E250621BE7C3D900E51659 /* LaunchScreen.storyboard */ = {
			isa = PBXVariantGroup;
			children = (
				E0E250631BE7C3D900E51659 /* Base */,
			);
			name = LaunchScreen.storyboard;
			sourceTree = "<group>";
		};
/* End PBXVariantGroup section */

/* Begin XCBuildConfiguration section */
		E0E250661BE7C3D900E51659 /* Debug */ = {
			isa = XCBuildConfiguration;
			buildSettings = {
				ALWAYS_SEARCH_USER_PATHS = NO;
				CLANG_CXX_LANGUAGE_STANDARD = "gnu++0x";
				CLANG_CXX_LIBRARY = "libc++";
				CLANG_ENABLE_MODULES = YES;
				CLANG_ENABLE_OBJC_ARC = YES;
				CLANG_WARN_BOOL_CONVERSION = YES;
				CLANG_WARN_CONSTANT_CONVERSION = YES;
				CLANG_WARN_DIRECT_OBJC_ISA_USAGE = YES_ERROR;
				CLANG_WARN_EMPTY_BODY = YES;
				CLANG_WARN_ENUM_CONVERSION = YES;
				CLANG_WARN_INT_CONVERSION = YES;
				CLANG_WARN_OBJC_ROOT_CLASS = YES_ERROR;
				CLANG_WARN_UNREACHABLE_CODE = YES;
				CLANG_WARN__DUPLICATE_METHOD_MATCH = YES;
				CODE_SIGN_IDENTITY = "iPhone Developer: philip.d.henson@gmail.com (45R45MT5KZ)";
				"CODE_SIGN_IDENTITY[sdk=iphoneos*]" = "iPhone Developer: philip.d.henson@gmail.com (45R45MT5KZ)";
				COPY_PHASE_STRIP = NO;
				DEBUG_INFORMATION_FORMAT = dwarf;
				ENABLE_STRICT_OBJC_MSGSEND = YES;
				ENABLE_TESTABILITY = YES;
				GCC_C_LANGUAGE_STANDARD = gnu99;
				GCC_DYNAMIC_NO_PIC = NO;
				GCC_NO_COMMON_BLOCKS = YES;
				GCC_OPTIMIZATION_LEVEL = 0;
				GCC_PREPROCESSOR_DEFINITIONS = (
					"DEBUG=1",
					"$(inherited)",
				);
				GCC_WARN_64_TO_32_BIT_CONVERSION = YES;
				GCC_WARN_ABOUT_RETURN_TYPE = YES_ERROR;
				GCC_WARN_UNDECLARED_SELECTOR = YES;
				GCC_WARN_UNINITIALIZED_AUTOS = YES_AGGRESSIVE;
				GCC_WARN_UNUSED_FUNCTION = YES;
				GCC_WARN_UNUSED_VARIABLE = YES;
				IPHONEOS_DEPLOYMENT_TARGET = 9.0;
				MTL_ENABLE_DEBUG_INFO = YES;
				ONLY_ACTIVE_ARCH = YES;
				OTHER_LDFLAGS = "-ObjC";
				PROVISIONING_PROFILE = "2593ef70-a273-48b0-a279-a1e98fac4a00";
				SDKROOT = iphoneos;
				SWIFT_OPTIMIZATION_LEVEL = "-Onone";
			};
			name = Debug;
		};
		E0E250671BE7C3D900E51659 /* Release */ = {
			isa = XCBuildConfiguration;
			buildSettings = {
				ALWAYS_SEARCH_USER_PATHS = NO;
				CLANG_CXX_LANGUAGE_STANDARD = "gnu++0x";
				CLANG_CXX_LIBRARY = "libc++";
				CLANG_ENABLE_MODULES = YES;
				CLANG_ENABLE_OBJC_ARC = YES;
				CLANG_WARN_BOOL_CONVERSION = YES;
				CLANG_WARN_CONSTANT_CONVERSION = YES;
				CLANG_WARN_DIRECT_OBJC_ISA_USAGE = YES_ERROR;
				CLANG_WARN_EMPTY_BODY = YES;
				CLANG_WARN_ENUM_CONVERSION = YES;
				CLANG_WARN_INT_CONVERSION = YES;
				CLANG_WARN_OBJC_ROOT_CLASS = YES_ERROR;
				CLANG_WARN_UNREACHABLE_CODE = YES;
				CLANG_WARN__DUPLICATE_METHOD_MATCH = YES;
				CODE_SIGN_IDENTITY = "iPhone Developer: philip.d.henson@gmail.com (45R45MT5KZ)";
				"CODE_SIGN_IDENTITY[sdk=iphoneos*]" = "iPhone Developer: philip.d.henson@gmail.com (45R45MT5KZ)";
				COPY_PHASE_STRIP = NO;
				DEBUG_INFORMATION_FORMAT = "dwarf-with-dsym";
				ENABLE_NS_ASSERTIONS = NO;
				ENABLE_STRICT_OBJC_MSGSEND = YES;
				GCC_C_LANGUAGE_STANDARD = gnu99;
				GCC_NO_COMMON_BLOCKS = YES;
				GCC_WARN_64_TO_32_BIT_CONVERSION = YES;
				GCC_WARN_ABOUT_RETURN_TYPE = YES_ERROR;
				GCC_WARN_UNDECLARED_SELECTOR = YES;
				GCC_WARN_UNINITIALIZED_AUTOS = YES_AGGRESSIVE;
				GCC_WARN_UNUSED_FUNCTION = YES;
				GCC_WARN_UNUSED_VARIABLE = YES;
				IPHONEOS_DEPLOYMENT_TARGET = 9.0;
				MTL_ENABLE_DEBUG_INFO = NO;
				OTHER_LDFLAGS = "-ObjC";
				PROVISIONING_PROFILE = "2593ef70-a273-48b0-a279-a1e98fac4a00";
				SDKROOT = iphoneos;
				VALIDATE_PRODUCT = YES;
			};
			name = Release;
		};
		E0E250691BE7C3D900E51659 /* Debug */ = {
			isa = XCBuildConfiguration;
			buildSettings = {
				ASSETCATALOG_COMPILER_APPICON_NAME = AppIcon;
				CODE_SIGN_IDENTITY = "iPhone Developer";
				"CODE_SIGN_IDENTITY[sdk=iphoneos*]" = "iPhone Developer";
				DEBUG_INFORMATION_FORMAT = "dwarf-with-dsym";
				FRAMEWORK_SEARCH_PATHS = (
					"$(inherited)",
					"$(PROJECT_DIR)/PlotTwist",
				);
				INFOPLIST_FILE = PlotTwist/Info.plist;
				IPHONEOS_DEPLOYMENT_TARGET = 9.0;
				LD_RUNPATH_SEARCH_PATHS = "$(inherited) @executable_path/Frameworks";
				PRODUCT_BUNDLE_IDENTIFIER = com.MMFinalProject.PlotTwist;
				PRODUCT_NAME = "$(TARGET_NAME)";
				PROVISIONING_PROFILE = "";
				SWIFT_OBJC_BRIDGING_HEADER = "PlotTwist/PlotTwist-Bridging-Header.h";
			};
			name = Debug;
		};
		E0E2506A1BE7C3D900E51659 /* Release */ = {
			isa = XCBuildConfiguration;
			buildSettings = {
				ASSETCATALOG_COMPILER_APPICON_NAME = AppIcon;
				CODE_SIGN_IDENTITY = "iPhone Developer";
				"CODE_SIGN_IDENTITY[sdk=iphoneos*]" = "iPhone Developer";
				FRAMEWORK_SEARCH_PATHS = (
					"$(inherited)",
					"$(PROJECT_DIR)/PlotTwist",
				);
				INFOPLIST_FILE = PlotTwist/Info.plist;
				IPHONEOS_DEPLOYMENT_TARGET = 9.0;
				LD_RUNPATH_SEARCH_PATHS = "$(inherited) @executable_path/Frameworks";
				PRODUCT_BUNDLE_IDENTIFIER = com.MMFinalProject.PlotTwist;
				PRODUCT_NAME = "$(TARGET_NAME)";
				PROVISIONING_PROFILE = "";
				SWIFT_OBJC_BRIDGING_HEADER = "PlotTwist/PlotTwist-Bridging-Header.h";
			};
			name = Release;
		};
/* End XCBuildConfiguration section */

/* Begin XCConfigurationList section */
		E0E250511BE7C3D900E51659 /* Build configuration list for PBXProject "PlotTwist" */ = {
			isa = XCConfigurationList;
			buildConfigurations = (
				E0E250661BE7C3D900E51659 /* Debug */,
				E0E250671BE7C3D900E51659 /* Release */,
			);
			defaultConfigurationIsVisible = 0;
			defaultConfigurationName = Release;
		};
		E0E250681BE7C3D900E51659 /* Build configuration list for PBXNativeTarget "PlotTwist" */ = {
			isa = XCConfigurationList;
			buildConfigurations = (
				E0E250691BE7C3D900E51659 /* Debug */,
				E0E2506A1BE7C3D900E51659 /* Release */,
			);
			defaultConfigurationIsVisible = 0;
			defaultConfigurationName = Release;
		};
/* End XCConfigurationList section */
	};
	rootObject = E0E2504E1BE7C3D900E51659 /* Project object */;
}
